
Microsoft Visual Studio Solution File, Format Version 12.00
# Visual Studio Version 17
VisualStudioVersion = 17.3.32901.215
MinimumVisualStudioVersion = 10.0.40219.1
Project("{9A19103F-16F7-4668-BE54-9A1E7A4F7556}") = "LoggingBenchmarks", "LoggingBenchmarks\LoggingBenchmarks.csproj", "{52A06932-3DD0-4AC3-8409-9BA3CCB0423C}"
EndProject
Project("{9A19103F-16F7-4668-BE54-9A1E7A4F7556}") = "R9Samples", "R9Samples\R9Samples.csproj", "{3234EB55-0395-4D52-8A0D-9A853FB78CA5}"
EndProject
Project("{9A19103F-16F7-4668-BE54-9A1E7A4F7556}") = "R9-WebAPI", "R9-WebAPI\R9-WebAPI.csproj", "{B9782EF1-6B4B-4E15-822E-5B3C060364AF}"
EndProject
Project("{9A19103F-16F7-4668-BE54-9A1E7A4F7556}") = "R9WebApp", "R9WebApp\R9WebApp.csproj", "{055BD824-4424-4623-90C4-FA122EE2B11A}"
EndProject
Project("{9A19103F-16F7-4668-BE54-9A1E7A4F7556}") = "InstrumentationSdk", "InstrumentationSdk\InstrumentationSdk.csproj", "{E0D85663-5F3C-4FC7-AE85-996231A0EE92}"
EndProject
Project("{FAE04EC0-301F-11D3-BF4B-00C04F79EFBC}") = "ConsoleApp1", "ConsoleApp1\ConsoleApp1.csproj", "{94E0FF7F-ECD5-4289-85D9-C663D04B8CA9}"
EndProject
Project("{9A19103F-16F7-4668-BE54-9A1E7A4F7556}") = "BasicTraceDemos", "Traces\BasicTraceDemos.csproj", "{C14CAC06-A36A-4AE3-AFB0-A5436CBAB032}"
EndProject
Project("{2150E333-8FDC-42A3-9474-1A3956D46DE8}") = "OpenTelemetryPresentationSamples", "OpenTelemetryPresentationSamples", "{44AC606B-E32E-4F5B-9DF8-7F46219C1B71}"
EndProject
Project("{9A19103F-16F7-4668-BE54-9A1E7A4F7556}") = "TracesWebApp", "TracesWebApp\TracesWebApp.csproj", "{9357C3F6-DDE1-408D-87F3-7D094AE5F941}"
EndProject
Project("{9A19103F-16F7-4668-BE54-9A1E7A4F7556}") = "Meters", "Meters\Meters.csproj", "{3D56429B-0E4B-4983-9D98-F53D673786E4}"
EndProject
Project("{9A19103F-16F7-4668-BE54-9A1E7A4F7556}") = "Logs", "Logs\Logs.csproj", "{ACD8A24C-5F6E-4208-BEC9-539EB954BD79}"
EndProject
Project("{9A19103F-16F7-4668-BE54-9A1E7A4F7556}") = "WebAppForLogs", "WebAppForLogs\WebAppForLogs.csproj", "{153E1689-6B8F-4D44-AD09-DCA8910196D2}"
EndProject
Project("{FAE04EC0-301F-11D3-BF4B-00C04F79EFBC}") = "WebApplication1", "WebApplication1\WebApplication1.csproj", "{63836F72-EEC0-4C9D-9707-79B53F58CE2A}"
EndProject
Project("{FAE04EC0-301F-11D3-BF4B-00C04F79EFBC}") = "Throttling", "Throttling\Throttling.csproj", "{2B330465-83BE-45DC-A849-BC9C5BB62727}"
EndProject
Global
	GlobalSection(SolutionConfigurationPlatforms) = preSolution
		Debug|Any CPU = Debug|Any CPU
		Release|Any CPU = Release|Any CPU
	EndGlobalSection
	GlobalSection(ProjectConfigurationPlatforms) = postSolution
		{52A06932-3DD0-4AC3-8409-9BA3CCB0423C}.Debug|Any CPU.ActiveCfg = Debug|Any CPU
		{52A06932-3DD0-4AC3-8409-9BA3CCB0423C}.Debug|Any CPU.Build.0 = Debug|Any CPU
		{52A06932-3DD0-4AC3-8409-9BA3CCB0423C}.Release|Any CPU.ActiveCfg = Release|Any CPU
		{52A06932-3DD0-4AC3-8409-9BA3CCB0423C}.Release|Any CPU.Build.0 = Release|Any CPU
		{3234EB55-0395-4D52-8A0D-9A853FB78CA5}.Debug|Any CPU.ActiveCfg = Debug|Any CPU
		{3234EB55-0395-4D52-8A0D-9A853FB78CA5}.Debug|Any CPU.Build.0 = Debug|Any CPU
		{3234EB55-0395-4D52-8A0D-9A853FB78CA5}.Release|Any CPU.ActiveCfg = Release|Any CPU
		{3234EB55-0395-4D52-8A0D-9A853FB78CA5}.Release|Any CPU.Build.0 = Release|Any CPU
		{B9782EF1-6B4B-4E15-822E-5B3C060364AF}.Debug|Any CPU.ActiveCfg = Debug|Any CPU
		{B9782EF1-6B4B-4E15-822E-5B3C060364AF}.Debug|Any CPU.Build.0 = Debug|Any CPU
		{B9782EF1-6B4B-4E15-822E-5B3C060364AF}.Release|Any CPU.ActiveCfg = Release|Any CPU
		{B9782EF1-6B4B-4E15-822E-5B3C060364AF}.Release|Any CPU.Build.0 = Release|Any CPU
		{055BD824-4424-4623-90C4-FA122EE2B11A}.Debug|Any CPU.ActiveCfg = Debug|Any CPU
		{055BD824-4424-4623-90C4-FA122EE2B11A}.Debug|Any CPU.Build.0 = Debug|Any CPU
		{055BD824-4424-4623-90C4-FA122EE2B11A}.Release|Any CPU.ActiveCfg = Release|Any CPU
		{055BD824-4424-4623-90C4-FA122EE2B11A}.Release|Any CPU.Build.0 = Release|Any CPU
		{E0D85663-5F3C-4FC7-AE85-996231A0EE92}.Debug|Any CPU.ActiveCfg = Debug|Any CPU
		{E0D85663-5F3C-4FC7-AE85-996231A0EE92}.Debug|Any CPU.Build.0 = Debug|Any CPU
		{E0D85663-5F3C-4FC7-AE85-996231A0EE92}.Release|Any CPU.ActiveCfg = Release|Any CPU
		{E0D85663-5F3C-4FC7-AE85-996231A0EE92}.Release|Any CPU.Build.0 = Release|Any CPU
		{94E0FF7F-ECD5-4289-85D9-C663D04B8CA9}.Debug|Any CPU.ActiveCfg = Debug|Any CPU
		{94E0FF7F-ECD5-4289-85D9-C663D04B8CA9}.Debug|Any CPU.Build.0 = Debug|Any CPU
		{94E0FF7F-ECD5-4289-85D9-C663D04B8CA9}.Release|Any CPU.ActiveCfg = Release|Any CPU
		{94E0FF7F-ECD5-4289-85D9-C663D04B8CA9}.Release|Any CPU.Build.0 = Release|Any CPU
		{C14CAC06-A36A-4AE3-AFB0-A5436CBAB032}.Debug|Any CPU.ActiveCfg = Debug|Any CPU
		{C14CAC06-A36A-4AE3-AFB0-A5436CBAB032}.Debug|Any CPU.Build.0 = Debug|Any CPU
		{C14CAC06-A36A-4AE3-AFB0-A5436CBAB032}.Release|Any CPU.ActiveCfg = Release|Any CPU
		{C14CAC06-A36A-4AE3-AFB0-A5436CBAB032}.Release|Any CPU.Build.0 = Release|Any CPU
		{9357C3F6-DDE1-408D-87F3-7D094AE5F941}.Debug|Any CPU.ActiveCfg = Debug|Any CPU
		{9357C3F6-DDE1-408D-87F3-7D094AE5F941}.Debug|Any CPU.Build.0 = Debug|Any CPU
		{9357C3F6-DDE1-408D-87F3-7D094AE5F941}.Release|Any CPU.ActiveCfg = Release|Any CPU
		{9357C3F6-DDE1-408D-87F3-7D094AE5F941}.Release|Any CPU.Build.0 = Release|Any CPU
		{3D56429B-0E4B-4983-9D98-F53D673786E4}.Debug|Any CPU.ActiveCfg = Debug|Any CPU
		{3D56429B-0E4B-4983-9D98-F53D673786E4}.Debug|Any CPU.Build.0 = Debug|Any CPU
		{3D56429B-0E4B-4983-9D98-F53D673786E4}.Release|Any CPU.ActiveCfg = Release|Any CPU
		{3D56429B-0E4B-4983-9D98-F53D673786E4}.Release|Any CPU.Build.0 = Release|Any CPU
		{ACD8A24C-5F6E-4208-BEC9-539EB954BD79}.Debug|Any CPU.ActiveCfg = Debug|Any CPU
		{ACD8A24C-5F6E-4208-BEC9-539EB954BD79}.Debug|Any CPU.Build.0 = Debug|Any CPU
		{ACD8A24C-5F6E-4208-BEC9-539EB954BD79}.Release|Any CPU.ActiveCfg = Release|Any CPU
		{ACD8A24C-5F6E-4208-BEC9-539EB954BD79}.Release|Any CPU.Build.0 = Release|Any CPU
		{153E1689-6B8F-4D44-AD09-DCA8910196D2}.Debug|Any CPU.ActiveCfg = Debug|Any CPU
		{153E1689-6B8F-4D44-AD09-DCA8910196D2}.Debug|Any CPU.Build.0 = Debug|Any CPU
		{153E1689-6B8F-4D44-AD09-DCA8910196D2}.Release|Any CPU.ActiveCfg = Release|Any CPU
		{153E1689-6B8F-4D44-AD09-DCA8910196D2}.Release|Any CPU.Build.0 = Release|Any CPU
		{63836F72-EEC0-4C9D-9707-79B53F58CE2A}.Debug|Any CPU.ActiveCfg = Debug|Any CPU
		{63836F72-EEC0-4C9D-9707-79B53F58CE2A}.Debug|Any CPU.Build.0 = Debug|Any CPU
		{63836F72-EEC0-4C9D-9707-79B53F58CE2A}.Release|Any CPU.ActiveCfg = Release|Any CPU
		{63836F72-EEC0-4C9D-9707-79B53F58CE2A}.Release|Any CPU.Build.0 = Release|Any CPU
		{2B330465-83BE-45DC-A849-BC9C5BB62727}.Debug|Any CPU.ActiveCfg = Debug|Any CPU
		{2B330465-83BE-45DC-A849-BC9C5BB62727}.Debug|Any CPU.Build.0 = Debug|Any CPU
		{2B330465-83BE-45DC-A849-BC9C5BB62727}.Release|Any CPU.ActiveCfg = Release|Any CPU
		{2B330465-83BE-45DC-A849-BC9C5BB62727}.Release|Any CPU.Build.0 = Release|Any CPU
	EndGlobalSection
	GlobalSection(SolutionProperties) = preSolution
		HideSolutionNode = FALSE
	EndGlobalSection
	GlobalSection(NestedProjects) = preSolution
		{055BD824-4424-4623-90C4-FA122EE2B11A} = {44AC606B-E32E-4F5B-9DF8-7F46219C1B71}
		{C14CAC06-A36A-4AE3-AFB0-A5436CBAB032} = {44AC606B-E32E-4F5B-9DF8-7F46219C1B71}
		{9357C3F6-DDE1-408D-87F3-7D094AE5F941} = {44AC606B-E32E-4F5B-9DF8-7F46219C1B71}
		{3D56429B-0E4B-4983-9D98-F53D673786E4} = {44AC606B-E32E-4F5B-9DF8-7F46219C1B71}
		{ACD8A24C-5F6E-4208-BEC9-539EB954BD79} = {44AC606B-E32E-4F5B-9DF8-7F46219C1B71}
		{153E1689-6B8F-4D44-AD09-DCA8910196D2} = {44AC606B-E32E-4F5B-9DF8-7F46219C1B71}
	EndGlobalSection
	GlobalSection(ExtensibilityGlobals) = postSolution
		SolutionGuid = {F7505C49-C0F9-4D1D-B0EB-62291BD0D6F0}
	EndGlobalSection
EndGlobal
